
Microsoft Visual Studio Solution File, Format Version 12.00
# Visual Studio Version 16
VisualStudioVersion = 16.0.29806.167
MinimumVisualStudioVersion = 10.0.40219.1
Project("{9A19103F-16F7-4668-BE54-9A1E7A4F7556}") = "Lab1", "Lab1\Lab1.csproj", "{666A44FE-2124-4E6D-8863-18CAE41D9463}"
EndProject
Project("{9A19103F-16F7-4668-BE54-9A1E7A4F7556}") = "ProductsService", "ProductsService\ProductsService.csproj", "{4CC77ED2-508D-455D-80C7-086AF308F1B7}"
EndProject
Project("{9A19103F-16F7-4668-BE54-9A1E7A4F7556}") = "CartService", "CartService\CartService.csproj", "{DCD1D27B-8F50-4031-8BB6-CC43067901B6}"
EndProject
Project("{9A19103F-16F7-4668-BE54-9A1E7A4F7556}") = "OrderService", "OrderService\OrderService.csproj", "{CB5A99C3-5C34-4B0C-969C-4DF289793EF1}"
EndProject
Project("{FAE04EC0-301F-11D3-BF4B-00C04F79EFBC}") = "ProductsService.Tests", "ProductsService.tests\ProductsService.Tests.csproj", "{87F31EA8-D71E-4C4F-BEB6-330829CEDC9D}"
EndProject
Project("{FAE04EC0-301F-11D3-BF4B-00C04F79EFBC}") = "CartService.Tests", "CartService.Tests\CartService.Tests.csproj", "{90269A66-389F-4C36-A8AD-632B35F4CED9}"
EndProject
Project("{FAE04EC0-301F-11D3-BF4B-00C04F79EFBC}") = "OrderService.Tests", "OrderService.Tests\OrderService.Tests.csproj", "{7915D9A2-8C99-418E-86BC-6A1B8A97D7F4}"
EndProject
Global
	GlobalSection(SolutionConfigurationPlatforms) = preSolution
		Debug|Any CPU = Debug|Any CPU
		Release|Any CPU = Release|Any CPU
	EndGlobalSection
	GlobalSection(ProjectConfigurationPlatforms) = postSolution
		{666A44FE-2124-4E6D-8863-18CAE41D9463}.Debug|Any CPU.ActiveCfg = Debug|Any CPU
		{666A44FE-2124-4E6D-8863-18CAE41D9463}.Debug|Any CPU.Build.0 = Debug|Any CPU
		{666A44FE-2124-4E6D-8863-18CAE41D9463}.Release|Any CPU.ActiveCfg = Release|Any CPU
		{666A44FE-2124-4E6D-8863-18CAE41D9463}.Release|Any CPU.Build.0 = Release|Any CPU
		{4CC77ED2-508D-455D-80C7-086AF308F1B7}.Debug|Any CPU.ActiveCfg = Debug|Any CPU
		{4CC77ED2-508D-455D-80C7-086AF308F1B7}.Debug|Any CPU.Build.0 = Debug|Any CPU
		{4CC77ED2-508D-455D-80C7-086AF308F1B7}.Release|Any CPU.ActiveCfg = Release|Any CPU
		{4CC77ED2-508D-455D-80C7-086AF308F1B7}.Release|Any CPU.Build.0 = Release|Any CPU
		{DCD1D27B-8F50-4031-8BB6-CC43067901B6}.Debug|Any CPU.ActiveCfg = Debug|Any CPU
		{DCD1D27B-8F50-4031-8BB6-CC43067901B6}.Debug|Any CPU.Build.0 = Debug|Any CPU
		{DCD1D27B-8F50-4031-8BB6-CC43067901B6}.Release|Any CPU.ActiveCfg = Release|Any CPU
		{DCD1D27B-8F50-4031-8BB6-CC43067901B6}.Release|Any CPU.Build.0 = Release|Any CPU
		{CB5A99C3-5C34-4B0C-969C-4DF289793EF1}.Debug|Any CPU.ActiveCfg = Debug|Any CPU
		{CB5A99C3-5C34-4B0C-969C-4DF289793EF1}.Debug|Any CPU.Build.0 = Debug|Any CPU
		{CB5A99C3-5C34-4B0C-969C-4DF289793EF1}.Release|Any CPU.ActiveCfg = Release|Any CPU
		{CB5A99C3-5C34-4B0C-969C-4DF289793EF1}.Release|Any CPU.Build.0 = Release|Any CPU
		{87F31EA8-D71E-4C4F-BEB6-330829CEDC9D}.Debug|Any CPU.ActiveCfg = Debug|Any CPU
		{87F31EA8-D71E-4C4F-BEB6-330829CEDC9D}.Debug|Any CPU.Build.0 = Debug|Any CPU
		{87F31EA8-D71E-4C4F-BEB6-330829CEDC9D}.Release|Any CPU.ActiveCfg = Release|Any CPU
		{87F31EA8-D71E-4C4F-BEB6-330829CEDC9D}.Release|Any CPU.Build.0 = Release|Any CPU
		{90269A66-389F-4C36-A8AD-632B35F4CED9}.Debug|Any CPU.ActiveCfg = Debug|Any CPU
		{90269A66-389F-4C36-A8AD-632B35F4CED9}.Debug|Any CPU.Build.0 = Debug|Any CPU
		{90269A66-389F-4C36-A8AD-632B35F4CED9}.Release|Any CPU.ActiveCfg = Release|Any CPU
		{90269A66-389F-4C36-A8AD-632B35F4CED9}.Release|Any CPU.Build.0 = Release|Any CPU
		{7915D9A2-8C99-418E-86BC-6A1B8A97D7F4}.Debug|Any CPU.ActiveCfg = Debug|Any CPU
		{7915D9A2-8C99-418E-86BC-6A1B8A97D7F4}.Debug|Any CPU.Build.0 = Debug|Any CPU
		{7915D9A2-8C99-418E-86BC-6A1B8A97D7F4}.Release|Any CPU.ActiveCfg = Release|Any CPU
		{7915D9A2-8C99-418E-86BC-6A1B8A97D7F4}.Release|Any CPU.Build.0 = Release|Any CPU
	EndGlobalSection
	GlobalSection(SolutionProperties) = preSolution
		HideSolutionNode = FALSE
	EndGlobalSection
	GlobalSection(ExtensibilityGlobals) = postSolution
		SolutionGuid = {66FD5D17-7022-4E60-A697-25AA9AD756A0}
	EndGlobalSection
EndGlobal
